
Microsoft Visual Studio Solution File, Format Version 12.00
# Visual Studio Version 17
VisualStudioVersion = 17.14.36511.14
MinimumVisualStudioVersion = 10.0.40219.1
Project("{2150E333-8FDC-42A3-9474-1A3956D46DE8}") = "Task0", "Task0", "{02EA681E-C7D8-13C7-8484-4AC65E1B71E8}"
EndProject
Project("{FAE04EC0-301F-11D3-BF4B-00C04F79EFBC}") = "Tyuiu.RomanovichEN.Sprint1.Task0.V30", "Tyuiu.RomanovichEN.Sprint1.Task0.V30\Tyuiu.RomanovichEN.Sprint1.Task0.V30.csproj", "{2CE17DB0-7F8F-4878-B01B-F5A5566D9B20}"
EndProject
Project("{FAE04EC0-301F-11D3-BF4B-00C04F79EFBC}") = "Tyuiu.RomanovichEN.Sprint1.Task0.V30.Lib", "Tyuiu.RomanovichEN.Sprint1.Task0.V30.Lib\Tyuiu.RomanovichEN.Sprint1.Task0.V30.Lib.csproj", "{5E3B0F7C-9B99-4A8A-9226-802BC8D1C64A}"
EndProject
Project("{FAE04EC0-301F-11D3-BF4B-00C04F79EFBC}") = "Tyuiu.RomanovichEN.Sprint1.Task0.V30.Test", "Tyuiu.RomanovichEN.Sprint1.Task0.V30.Test\Tyuiu.RomanovichEN.Sprint1.Task0.V30.Test.csproj", "{E340CCA8-6938-42A3-9DA2-04BB321B0D2C}"
EndProject
Project("{2150E333-8FDC-42A3-9474-1A3956D46DE8}") = "Task1", "Task1", "{E91C1CCC-A67B-4F59-BC79-5B2C7354C93B}"
EndProject
Project("{FAE04EC0-301F-11D3-BF4B-00C04F79EFBC}") = "Tyuiu.RomanovichEN.Sprint1.Task1.V19", "Tyuiu.RomanovichEN.Sprint1.Task1.V19\Tyuiu.RomanovichEN.Sprint1.Task1.V19.csproj", "{D6D8CA33-AB73-4D4E-AC22-384556C2836C}"
EndProject
Project("{FAE04EC0-301F-11D3-BF4B-00C04F79EFBC}") = "Tyuiu.RomanovichEN.Sprint1.Task1.V19.Lib", "Tyuiu.RomanovichEN.Sprint1.Task1.V19.Lib\Tyuiu.RomanovichEN.Sprint1.Task1.V19.Lib.csproj", "{E0157E46-5D89-472A-B4A5-72C6B9F6704E}"
EndProject
Project("{FAE04EC0-301F-11D3-BF4B-00C04F79EFBC}") = "Tyuiu.RomanovichEN.Sprint1.Task1.V19.Test", "Tyuiu.RomanovichEN.Sprint1.Task1.V19.Test\Tyuiu.RomanovichEN.Sprint1.Task1.V19.Test.csproj", "{C1FFCEB9-028D-4918-BE70-BCA1DDC0E21E}"
EndProject
Project("{2150E333-8FDC-42A3-9474-1A3956D46DE8}") = "Task2", "Task2", "{8003BBFD-3B80-4901-B4FD-E74313F4A5F6}"
EndProject
Project("{FAE04EC0-301F-11D3-BF4B-00C04F79EFBC}") = "Tyuiu.RomanovichEN.Sprint1.Task2.V1", "Tyuiu.RomanovichEN.Sprint1.Task2.V1\Tyuiu.RomanovichEN.Sprint1.Task2.V1.csproj", "{B9C07AB2-F6EB-4849-B412-5C9FEF6CCC9E}"
EndProject
Project("{FAE04EC0-301F-11D3-BF4B-00C04F79EFBC}") = "Tyuiu.RomanovichEN.Sprint1.Task2.V1.Lib", "Tyuiu.RomanovichEN.Sprint1.Task2.V1.Lib\Tyuiu.RomanovichEN.Sprint1.Task2.V1.Lib.csproj", "{99415A94-8528-43CA-BCA7-BE16F266ECF2}"
EndProject
Project("{FAE04EC0-301F-11D3-BF4B-00C04F79EFBC}") = "Tyuiu.RomanovichEN.Sprint1.Task2.V1.Test", "Tyuiu.RomanovichEN.Sprint1.Task2.V1.Test\Tyuiu.RomanovichEN.Sprint1.Task2.V1.Test.csproj", "{A6611311-9290-457E-BB9B-A2AA9C4265ED}"
EndProject
Project("{2150E333-8FDC-42A3-9474-1A3956D46DE8}") = "Task3", "Task3", "{B677FCF9-1D59-4F48-B33F-C162457E210C}"
EndProject
Project("{FAE04EC0-301F-11D3-BF4B-00C04F79EFBC}") = "Tyuiu.RomanovichEN.Sprint1.Task3.V11", "Tyuiu.RomanovichEN.Sprint1.Task3.V11\Tyuiu.RomanovichEN.Sprint1.Task3.V11.csproj", "{76559E14-B5BE-4276-AC8F-7886A8B02EB3}"
EndProject
Project("{FAE04EC0-301F-11D3-BF4B-00C04F79EFBC}") = "Tyuiu.RomanovichEN.Sprint1.Task3.V11.Lib", "Tyuiu.RomanovichEN.Sprint1.Task3.V11.Lib\Tyuiu.RomanovichEN.Sprint1.Task3.V11.Lib.csproj", "{D8973FB1-C05C-4A63-8AA8-03EE1104B7A5}"
EndProject
Project("{FAE04EC0-301F-11D3-BF4B-00C04F79EFBC}") = "Tyuiu.RomanovichEN.Sprint1.Task3.V11.Test", "Tyuiu.RomanovichEN.Sprint1.Task3.V11.Test\Tyuiu.RomanovichEN.Sprint1.Task3.V11.Test.csproj", "{6458E8EE-D8DB-40C8-9389-975B1273599C}"
EndProject
Project("{2150E333-8FDC-42A3-9474-1A3956D46DE8}") = "Task4", "Task4", "{5A7156C2-D6E6-4949-8413-0E708D256955}"
EndProject
Project("{FAE04EC0-301F-11D3-BF4B-00C04F79EFBC}") = "Tyuiu.RomanovichEN.Sprint1.Task4.V30", "Tyuiu.RomanovichEN.Sprint1.Task4.V30\Tyuiu.RomanovichEN.Sprint1.Task4.V30.csproj", "{14BF3507-D677-4475-8779-E648749B2FE7}"
EndProject
Project("{FAE04EC0-301F-11D3-BF4B-00C04F79EFBC}") = "Tyuiu.RomanovichEN.Sprint1.Task4.V30.Lib", "Tyuiu.RomanovichEN.Sprint1.Task4.V30.Lib\Tyuiu.RomanovichEN.Sprint1.Task4.V30.Lib.csproj", "{74CC7763-9799-406D-82A9-6AE35CB24246}"
EndProject
Project("{FAE04EC0-301F-11D3-BF4B-00C04F79EFBC}") = "Tyuiu.RomanovichEN.Sprint1.Task4.V30.Test", "Tyuiu.RomanovichEN.Sprint1.Task4.V30.Test\Tyuiu.RomanovichEN.Sprint1.Task4.V30.Test.csproj", "{13E75263-F1ED-4856-8338-C4898E232F51}"
EndProject
Project("{2150E333-8FDC-42A3-9474-1A3956D46DE8}") = "Task5", "Task5", "{817F4EFD-391D-4466-BDB6-6496099FAF7C}"
EndProject
Project("{FAE04EC0-301F-11D3-BF4B-00C04F79EFBC}") = "Tyuiu.RomanovichEN.Sprint1.Task5.V7", "Tyuiu.RomanovichEN.Sprin1.Task5.V7\Tyuiu.RomanovichEN.Sprint1.Task5.V7.csproj", "{8C72B7F4-411A-4DF9-8D38-D71EEF0F941D}"
EndProject
Project("{FAE04EC0-301F-11D3-BF4B-00C04F79EFBC}") = "Tyuiu.RomanovichEN.Sprint1.Task5.V7.Lib", "Tyuiu.RomanovichEN.Sprint1.Task5.V7.Lib\Tyuiu.RomanovichEN.Sprint1.Task5.V7.Lib.csproj", "{F406FEAF-299F-4E8F-8AAF-0068A139B3A6}"
EndProject
Project("{FAE04EC0-301F-11D3-BF4B-00C04F79EFBC}") = "Tyuiu.RomanovichEN.Sprint1.Task5.V7.Test", "Tyuiu.RomanovichEN.Sprint1.Task5.V7.Test\Tyuiu.RomanovichEN.Sprint1.Task5.V7.Test.csproj", "{5D953620-EFF1-41D9-B352-627DB6D5704E}"
EndProject
Project("{2150E333-8FDC-42A3-9474-1A3956D46DE8}") = "Task6", "Task6", "{E6E02576-BA8A-40B3-A78B-963DA9466FDE}"
EndProject
Project("{FAE04EC0-301F-11D3-BF4B-00C04F79EFBC}") = "Tyuiu.RomanovichEN.Sprint1.Task6.V9", "Tyuiu.RomanovichEN.Sprint1.Task6.V9\Tyuiu.RomanovichEN.Sprint1.Task6.V9.csproj", "{76C61E9E-FB42-4A9F-9297-06CEE5AE994E}"
EndProject
Project("{FAE04EC0-301F-11D3-BF4B-00C04F79EFBC}") = "Tyuiu.RomanovichEN.Sprint1.Task6.V9.Lib", "Tyuiu.RomanovichEN.Sprint1.Task6.V9.Lib\Tyuiu.RomanovichEN.Sprint1.Task6.V9.Lib.csproj", "{F19647D8-21BF-47ED-9BA8-E733FA0FDE39}"
EndProject
Project("{FAE04EC0-301F-11D3-BF4B-00C04F79EFBC}") = "Tyuiu.RomanovichEN.Sprint1.Task6.V9.Test", "Tyuiu.RomanovichEN.Sprint1.Task6.V9.Test\Tyuiu.RomanovichEN.Sprint1.Task6.V9.Test.csproj", "{15242A88-5AA3-4F48-B147-E874663F08EA}"
EndProject
Project("{2150E333-8FDC-42A3-9474-1A3956D46DE8}") = "Task7", "Task7", "{AEC9F713-7238-4540-B041-8771B6310938}"
EndProject
Project("{FAE04EC0-301F-11D3-BF4B-00C04F79EFBC}") = "Tyuiu.RomanovichEN.Sprint1.Task7.V23", "Tyuiu.RomanovichEN.Sprint1.Task7.V23\Tyuiu.RomanovichEN.Sprint1.Task7.V23.csproj", "{57EB3609-631B-441F-ADB3-D5350169E0C9}"
EndProject
Project("{FAE04EC0-301F-11D3-BF4B-00C04F79EFBC}") = "Tyuiu.RomanovichEN.Sprint1.Task7.V23.Lib", "Tyuiu.RomanovichEN.Sprint1.Task7.V23.Lib\Tyuiu.RomanovichEN.Sprint1.Task7.V23.Lib.csproj", "{99CA339A-1468-4770-9EA0-F687135348AB}"
EndProject
Project("{FAE04EC0-301F-11D3-BF4B-00C04F79EFBC}") = "Tyuiu.RomanovichEN.Sprint1.Task7.V23.Test", "Tyuiu.RomanovichEN.Sprint1.Task7.V23.Test\Tyuiu.RomanovichEN.Sprint1.Task7.V23.Test.csproj", "{ECB4370A-8A95-4E49-B288-99576DDDCD56}"
EndProject
Global
	GlobalSection(SolutionConfigurationPlatforms) = preSolution
		Debug|Any CPU = Debug|Any CPU
		Release|Any CPU = Release|Any CPU
	EndGlobalSection
	GlobalSection(ProjectConfigurationPlatforms) = postSolution
		{2CE17DB0-7F8F-4878-B01B-F5A5566D9B20}.Debug|Any CPU.ActiveCfg = Debug|Any CPU
		{2CE17DB0-7F8F-4878-B01B-F5A5566D9B20}.Debug|Any CPU.Build.0 = Debug|Any CPU
		{2CE17DB0-7F8F-4878-B01B-F5A5566D9B20}.Release|Any CPU.ActiveCfg = Release|Any CPU
		{2CE17DB0-7F8F-4878-B01B-F5A5566D9B20}.Release|Any CPU.Build.0 = Release|Any CPU
		{5E3B0F7C-9B99-4A8A-9226-802BC8D1C64A}.Debug|Any CPU.ActiveCfg = Debug|Any CPU
		{5E3B0F7C-9B99-4A8A-9226-802BC8D1C64A}.Debug|Any CPU.Build.0 = Debug|Any CPU
		{5E3B0F7C-9B99-4A8A-9226-802BC8D1C64A}.Release|Any CPU.ActiveCfg = Release|Any CPU
		{5E3B0F7C-9B99-4A8A-9226-802BC8D1C64A}.Release|Any CPU.Build.0 = Release|Any CPU
		{E340CCA8-6938-42A3-9DA2-04BB321B0D2C}.Debug|Any CPU.ActiveCfg = Debug|Any CPU
		{E340CCA8-6938-42A3-9DA2-04BB321B0D2C}.Debug|Any CPU.Build.0 = Debug|Any CPU
		{E340CCA8-6938-42A3-9DA2-04BB321B0D2C}.Release|Any CPU.ActiveCfg = Release|Any CPU
		{E340CCA8-6938-42A3-9DA2-04BB321B0D2C}.Release|Any CPU.Build.0 = Release|Any CPU
		{D6D8CA33-AB73-4D4E-AC22-384556C2836C}.Debug|Any CPU.ActiveCfg = Debug|Any CPU
		{D6D8CA33-AB73-4D4E-AC22-384556C2836C}.Debug|Any CPU.Build.0 = Debug|Any CPU
		{D6D8CA33-AB73-4D4E-AC22-384556C2836C}.Release|Any CPU.ActiveCfg = Release|Any CPU
		{D6D8CA33-AB73-4D4E-AC22-384556C2836C}.Release|Any CPU.Build.0 = Release|Any CPU
		{E0157E46-5D89-472A-B4A5-72C6B9F6704E}.Debug|Any CPU.ActiveCfg = Debug|Any CPU
		{E0157E46-5D89-472A-B4A5-72C6B9F6704E}.Debug|Any CPU.Build.0 = Debug|Any CPU
		{E0157E46-5D89-472A-B4A5-72C6B9F6704E}.Release|Any CPU.ActiveCfg = Release|Any CPU
		{E0157E46-5D89-472A-B4A5-72C6B9F6704E}.Release|Any CPU.Build.0 = Release|Any CPU
		{C1FFCEB9-028D-4918-BE70-BCA1DDC0E21E}.Debug|Any CPU.ActiveCfg = Debug|Any CPU
		{C1FFCEB9-028D-4918-BE70-BCA1DDC0E21E}.Debug|Any CPU.Build.0 = Debug|Any CPU
		{C1FFCEB9-028D-4918-BE70-BCA1DDC0E21E}.Release|Any CPU.ActiveCfg = Release|Any CPU
		{C1FFCEB9-028D-4918-BE70-BCA1DDC0E21E}.Release|Any CPU.Build.0 = Release|Any CPU
		{B9C07AB2-F6EB-4849-B412-5C9FEF6CCC9E}.Debug|Any CPU.ActiveCfg = Debug|Any CPU
		{B9C07AB2-F6EB-4849-B412-5C9FEF6CCC9E}.Debug|Any CPU.Build.0 = Debug|Any CPU
		{B9C07AB2-F6EB-4849-B412-5C9FEF6CCC9E}.Release|Any CPU.ActiveCfg = Release|Any CPU
		{B9C07AB2-F6EB-4849-B412-5C9FEF6CCC9E}.Release|Any CPU.Build.0 = Release|Any CPU
		{99415A94-8528-43CA-BCA7-BE16F266ECF2}.Debug|Any CPU.ActiveCfg = Debug|Any CPU
		{99415A94-8528-43CA-BCA7-BE16F266ECF2}.Debug|Any CPU.Build.0 = Debug|Any CPU
		{99415A94-8528-43CA-BCA7-BE16F266ECF2}.Release|Any CPU.ActiveCfg = Release|Any CPU
		{99415A94-8528-43CA-BCA7-BE16F266ECF2}.Release|Any CPU.Build.0 = Release|Any CPU
		{A6611311-9290-457E-BB9B-A2AA9C4265ED}.Debug|Any CPU.ActiveCfg = Debug|Any CPU
		{A6611311-9290-457E-BB9B-A2AA9C4265ED}.Debug|Any CPU.Build.0 = Debug|Any CPU
		{A6611311-9290-457E-BB9B-A2AA9C4265ED}.Release|Any CPU.ActiveCfg = Release|Any CPU
		{A6611311-9290-457E-BB9B-A2AA9C4265ED}.Release|Any CPU.Build.0 = Release|Any CPU
		{76559E14-B5BE-4276-AC8F-7886A8B02EB3}.Debug|Any CPU.ActiveCfg = Debug|Any CPU
		{76559E14-B5BE-4276-AC8F-7886A8B02EB3}.Debug|Any CPU.Build.0 = Debug|Any CPU
		{76559E14-B5BE-4276-AC8F-7886A8B02EB3}.Release|Any CPU.ActiveCfg = Release|Any CPU
		{76559E14-B5BE-4276-AC8F-7886A8B02EB3}.Release|Any CPU.Build.0 = Release|Any CPU
		{D8973FB1-C05C-4A63-8AA8-03EE1104B7A5}.Debug|Any CPU.ActiveCfg = Debug|Any CPU
		{D8973FB1-C05C-4A63-8AA8-03EE1104B7A5}.Debug|Any CPU.Build.0 = Debug|Any CPU
		{D8973FB1-C05C-4A63-8AA8-03EE1104B7A5}.Release|Any CPU.ActiveCfg = Release|Any CPU
		{D8973FB1-C05C-4A63-8AA8-03EE1104B7A5}.Release|Any CPU.Build.0 = Release|Any CPU
		{6458E8EE-D8DB-40C8-9389-975B1273599C}.Debug|Any CPU.ActiveCfg = Debug|Any CPU
		{6458E8EE-D8DB-40C8-9389-975B1273599C}.Debug|Any CPU.Build.0 = Debug|Any CPU
		{6458E8EE-D8DB-40C8-9389-975B1273599C}.Release|Any CPU.ActiveCfg = Release|Any CPU
		{6458E8EE-D8DB-40C8-9389-975B1273599C}.Release|Any CPU.Build.0 = Release|Any CPU
		{14BF3507-D677-4475-8779-E648749B2FE7}.Debug|Any CPU.ActiveCfg = Debug|Any CPU
		{14BF3507-D677-4475-8779-E648749B2FE7}.Debug|Any CPU.Build.0 = Debug|Any CPU
		{14BF3507-D677-4475-8779-E648749B2FE7}.Release|Any CPU.ActiveCfg = Release|Any CPU
		{14BF3507-D677-4475-8779-E648749B2FE7}.Release|Any CPU.Build.0 = Release|Any CPU
		{74CC7763-9799-406D-82A9-6AE35CB24246}.Debug|Any CPU.ActiveCfg = Debug|Any CPU
		{74CC7763-9799-406D-82A9-6AE35CB24246}.Debug|Any CPU.Build.0 = Debug|Any CPU
		{74CC7763-9799-406D-82A9-6AE35CB24246}.Release|Any CPU.ActiveCfg = Release|Any CPU
		{74CC7763-9799-406D-82A9-6AE35CB24246}.Release|Any CPU.Build.0 = Release|Any CPU
		{13E75263-F1ED-4856-8338-C4898E232F51}.Debug|Any CPU.ActiveCfg = Debug|Any CPU
		{13E75263-F1ED-4856-8338-C4898E232F51}.Debug|Any CPU.Build.0 = Debug|Any CPU
		{13E75263-F1ED-4856-8338-C4898E232F51}.Release|Any CPU.ActiveCfg = Release|Any CPU
		{13E75263-F1ED-4856-8338-C4898E232F51}.Release|Any CPU.Build.0 = Release|Any CPU
		{8C72B7F4-411A-4DF9-8D38-D71EEF0F941D}.Debug|Any CPU.ActiveCfg = Debug|Any CPU
		{8C72B7F4-411A-4DF9-8D38-D71EEF0F941D}.Debug|Any CPU.Build.0 = Debug|Any CPU
		{8C72B7F4-411A-4DF9-8D38-D71EEF0F941D}.Release|Any CPU.ActiveCfg = Release|Any CPU
		{8C72B7F4-411A-4DF9-8D38-D71EEF0F941D}.Release|Any CPU.Build.0 = Release|Any CPU
		{F406FEAF-299F-4E8F-8AAF-0068A139B3A6}.Debug|Any CPU.ActiveCfg = Debug|Any CPU
		{F406FEAF-299F-4E8F-8AAF-0068A139B3A6}.Debug|Any CPU.Build.0 = Debug|Any CPU
		{F406FEAF-299F-4E8F-8AAF-0068A139B3A6}.Release|Any CPU.ActiveCfg = Release|Any CPU
		{F406FEAF-299F-4E8F-8AAF-0068A139B3A6}.Release|Any CPU.Build.0 = Release|Any CPU
		{5D953620-EFF1-41D9-B352-627DB6D5704E}.Debug|Any CPU.ActiveCfg = Debug|Any CPU
		{5D953620-EFF1-41D9-B352-627DB6D5704E}.Debug|Any CPU.Build.0 = Debug|Any CPU
		{5D953620-EFF1-41D9-B352-627DB6D5704E}.Release|Any CPU.ActiveCfg = Release|Any CPU
		{5D953620-EFF1-41D9-B352-627DB6D5704E}.Release|Any CPU.Build.0 = Release|Any CPU
		{76C61E9E-FB42-4A9F-9297-06CEE5AE994E}.Debug|Any CPU.ActiveCfg = Debug|Any CPU
		{76C61E9E-FB42-4A9F-9297-06CEE5AE994E}.Debug|Any CPU.Build.0 = Debug|Any CPU
		{76C61E9E-FB42-4A9F-9297-06CEE5AE994E}.Release|Any CPU.ActiveCfg = Release|Any CPU
		{76C61E9E-FB42-4A9F-9297-06CEE5AE994E}.Release|Any CPU.Build.0 = Release|Any CPU
		{F19647D8-21BF-47ED-9BA8-E733FA0FDE39}.Debug|Any CPU.ActiveCfg = Debug|Any CPU
		{F19647D8-21BF-47ED-9BA8-E733FA0FDE39}.Debug|Any CPU.Build.0 = Debug|Any CPU
		{F19647D8-21BF-47ED-9BA8-E733FA0FDE39}.Release|Any CPU.ActiveCfg = Release|Any CPU
		{F19647D8-21BF-47ED-9BA8-E733FA0FDE39}.Release|Any CPU.Build.0 = Release|Any CPU
		{15242A88-5AA3-4F48-B147-E874663F08EA}.Debug|Any CPU.ActiveCfg = Debug|Any CPU
		{15242A88-5AA3-4F48-B147-E874663F08EA}.Debug|Any CPU.Build.0 = Debug|Any CPU
		{15242A88-5AA3-4F48-B147-E874663F08EA}.Release|Any CPU.ActiveCfg = Release|Any CPU
		{15242A88-5AA3-4F48-B147-E874663F08EA}.Release|Any CPU.Build.0 = Release|Any CPU
		{57EB3609-631B-441F-ADB3-D5350169E0C9}.Debug|Any CPU.ActiveCfg = Debug|Any CPU
		{57EB3609-631B-441F-ADB3-D5350169E0C9}.Debug|Any CPU.Build.0 = Debug|Any CPU
		{57EB3609-631B-441F-ADB3-D5350169E0C9}.Release|Any CPU.ActiveCfg = Release|Any CPU
		{57EB3609-631B-441F-ADB3-D5350169E0C9}.Release|Any CPU.Build.0 = Release|Any CPU
		{99CA339A-1468-4770-9EA0-F687135348AB}.Debug|Any CPU.ActiveCfg = Debug|Any CPU
		{99CA339A-1468-4770-9EA0-F687135348AB}.Debug|Any CPU.Build.0 = Debug|Any CPU
		{99CA339A-1468-4770-9EA0-F687135348AB}.Release|Any CPU.ActiveCfg = Release|Any CPU
		{99CA339A-1468-4770-9EA0-F687135348AB}.Release|Any CPU.Build.0 = Release|Any CPU
		{ECB4370A-8A95-4E49-B288-99576DDDCD56}.Debug|Any CPU.ActiveCfg = Debug|Any CPU
		{ECB4370A-8A95-4E49-B288-99576DDDCD56}.Debug|Any CPU.Build.0 = Debug|Any CPU
		{ECB4370A-8A95-4E49-B288-99576DDDCD56}.Release|Any CPU.ActiveCfg = Release|Any CPU
		{ECB4370A-8A95-4E49-B288-99576DDDCD56}.Release|Any CPU.Build.0 = Release|Any CPU
	EndGlobalSection
	GlobalSection(SolutionProperties) = preSolution
		HideSolutionNode = FALSE
	EndGlobalSection
	GlobalSection(NestedProjects) = preSolution
		{2CE17DB0-7F8F-4878-B01B-F5A5566D9B20} = {02EA681E-C7D8-13C7-8484-4AC65E1B71E8}
		{5E3B0F7C-9B99-4A8A-9226-802BC8D1C64A} = {02EA681E-C7D8-13C7-8484-4AC65E1B71E8}
		{E340CCA8-6938-42A3-9DA2-04BB321B0D2C} = {02EA681E-C7D8-13C7-8484-4AC65E1B71E8}
		{D6D8CA33-AB73-4D4E-AC22-384556C2836C} = {E91C1CCC-A67B-4F59-BC79-5B2C7354C93B}
		{E0157E46-5D89-472A-B4A5-72C6B9F6704E} = {E91C1CCC-A67B-4F59-BC79-5B2C7354C93B}
		{C1FFCEB9-028D-4918-BE70-BCA1DDC0E21E} = {E91C1CCC-A67B-4F59-BC79-5B2C7354C93B}
		{B9C07AB2-F6EB-4849-B412-5C9FEF6CCC9E} = {8003BBFD-3B80-4901-B4FD-E74313F4A5F6}
		{99415A94-8528-43CA-BCA7-BE16F266ECF2} = {8003BBFD-3B80-4901-B4FD-E74313F4A5F6}
		{A6611311-9290-457E-BB9B-A2AA9C4265ED} = {8003BBFD-3B80-4901-B4FD-E74313F4A5F6}
		{76559E14-B5BE-4276-AC8F-7886A8B02EB3} = {B677FCF9-1D59-4F48-B33F-C162457E210C}
		{D8973FB1-C05C-4A63-8AA8-03EE1104B7A5} = {B677FCF9-1D59-4F48-B33F-C162457E210C}
		{6458E8EE-D8DB-40C8-9389-975B1273599C} = {B677FCF9-1D59-4F48-B33F-C162457E210C}
		{14BF3507-D677-4475-8779-E648749B2FE7} = {5A7156C2-D6E6-4949-8413-0E708D256955}
		{74CC7763-9799-406D-82A9-6AE35CB24246} = {5A7156C2-D6E6-4949-8413-0E708D256955}
		{13E75263-F1ED-4856-8338-C4898E232F51} = {5A7156C2-D6E6-4949-8413-0E708D256955}
		{8C72B7F4-411A-4DF9-8D38-D71EEF0F941D} = {817F4EFD-391D-4466-BDB6-6496099FAF7C}
		{F406FEAF-299F-4E8F-8AAF-0068A139B3A6} = {817F4EFD-391D-4466-BDB6-6496099FAF7C}
		{5D953620-EFF1-41D9-B352-627DB6D5704E} = {817F4EFD-391D-4466-BDB6-6496099FAF7C}
		{76C61E9E-FB42-4A9F-9297-06CEE5AE994E} = {E6E02576-BA8A-40B3-A78B-963DA9466FDE}
		{F19647D8-21BF-47ED-9BA8-E733FA0FDE39} = {E6E02576-BA8A-40B3-A78B-963DA9466FDE}
		{15242A88-5AA3-4F48-B147-E874663F08EA} = {E6E02576-BA8A-40B3-A78B-963DA9466FDE}
		{57EB3609-631B-441F-ADB3-D5350169E0C9} = {AEC9F713-7238-4540-B041-8771B6310938}
		{99CA339A-1468-4770-9EA0-F687135348AB} = {AEC9F713-7238-4540-B041-8771B6310938}
		{ECB4370A-8A95-4E49-B288-99576DDDCD56} = {AEC9F713-7238-4540-B041-8771B6310938}
	EndGlobalSection
	GlobalSection(ExtensibilityGlobals) = postSolution
		SolutionGuid = {9D199AD5-422B-4CF6-A73B-FBFD6958FC8B}
	EndGlobalSection
EndGlobal
